{
  "nodes": {
    "finix": {
      "locked": {
        "lastModified": 1772748040,
        "narHash": "sha256-NC9MDikWg+aZ3XBdX9Xr0tDn3InRsrY3+5ABiMdUQk4=",
        "owner": "finix-community",
        "repo": "finix",
        "rev": "5c6f6bacc46230c2695bfd531e3a30b53e0a8953",
        "type": "github"
      },
      "original": {
        "owner": "finix-community",
        "ref": "finit-4.16",
        "repo": "finix",
        "type": "github"
      }
    },
    "nixpkgs": {
      "locked": {
        "lastModified": 1772433332,
        "narHash": "sha256-izhTDFKsg6KeVBxJS9EblGeQ8y+O8eCa6RcW874vxEc=",
        "owner": "NixOS",
        "repo": "nixpkgs",
        "rev": "cf59864ef8aa2e178cccedbe2c178185b0365705",
        "type": "github"
      },
      "original": {
        "owner": "NixOS",
        "ref": "nixos-unstable",
        "repo": "nixpkgs",
        "type": "github"
      }
    },
    "noctalia-qs": {
      "inputs": {
        "nixpkgs": [
          "noctalia-shell",
          "nixpkgs"
        ]
      },
      "locked": {
        "lastModified": 1772673824,
        "narHash": "sha256-TLHXPoELZA6VeuzC1Zpx+MnSsYzrJs+DSieMgfjAOJc=",
        "owner": "noctalia-dev",
        "repo": "noctalia-qs",
        "rev": "f8531192cd09b9ea2e78d18e9cfc9d3dba498690",
        "type": "github"
      },
      "original": {
        "owner": "noctalia-dev",
        "repo": "noctalia-qs",
        "type": "github"
      }
    },
    "noctalia-shell": {
      "inputs": {
        "nixpkgs": [
          "nixpkgs"
        ],
        "noctalia-qs": "noctalia-qs"
      },
      "locked": {
        "lastModified": 1773007738,
        "narHash": "sha256-x+vWoByfJZpu813Bib+oc/R0i7KO4U+Nip/xr2Yqx78=",
        "owner": "noctalia-dev",
        "repo": "noctalia-shell",
        "rev": "fe9f52d3531375953c23572400185cb404c07b54",
        "type": "github"
      },
      "original": {
        "owner": "noctalia-dev",
        "repo": "noctalia-shell",
        "type": "github"
      }
    },
    "root": {
      "inputs": {
        "finix": "finix",
        "nixpkgs": "nixpkgs",
        "noctalia-shell": "noctalia-shell",
        "sops-nix": "sops-nix"
      }
    },
    "sops-nix": {
      "inputs": {
        "nixpkgs": [
          "nixpkgs"
        ]
      },
      "locked": {
        "lastModified": 1772495394,
        "narHash": "sha256-hmIvE/slLKEFKNEJz27IZ8BKlAaZDcjIHmkZ7GCEjfw=",
        "owner": "Mic92",
        "repo": "sops-nix",
        "rev": "1d9b98a29a45abe9c4d3174bd36de9f28755e3ff",
        "type": "github"
      },
      "original": {
        "owner": "Mic92",
        "repo": "sops-nix",
        "type": "github"
      }
    }
  },
  "root": "root",
  "version": 7
}
