{
  "nodes": {
    "community-modules": {
      "locked": {
        "lastModified": 1784074518,
        "narHash": "sha256-z1ctH8aRQxkW4AT4i+ZINZlNNAEcR7ZiRFtjVBECVwg=",
        "path": "/home/aaron/code/community-modules",
        "type": "path"
      },
      "original": {
        "path": "/home/aaron/code/community-modules",
        "type": "path"
      }
    },
    "finix": {
      "locked": {
        "lastModified": 1784070678,
        "narHash": "sha256-5KP4iyxGvHX78uMuBQ4jRnimMAm12KrLu8Djs5hPl44=",
        "owner": "finix-community",
        "repo": "finix",
        "rev": "6adaaf78ca90865c6c3b8838b5e29f9d771d83b8",
        "type": "github"
      },
      "original": {
        "owner": "finix-community",
        "ref": "main",
        "repo": "finix",
        "type": "github"
      }
    },
    "nixpkgs": {
      "locked": {
        "lastModified": 1783224372,
        "narHash": "sha256-8i/87eeoqiGE4yOTjwSA3Eh/ziJRQEmd/unYU+K27sk=",
        "owner": "NixOS",
        "repo": "nixpkgs",
        "rev": "d407951447dcd00442e97087bf374aad70c04cea",
        "type": "github"
      },
      "original": {
        "owner": "NixOS",
        "ref": "nixos-unstable",
        "repo": "nixpkgs",
        "type": "github"
      }
    },
    "noctalia": {
      "inputs": {
        "nixpkgs": [
          "nixpkgs"
        ]
      },
      "locked": {
        "lastModified": 1783618499,
        "narHash": "sha256-UwLxkIz9HDiARFVocKnGR6OAMs9XAuFRke+InNBmL1A=",
        "owner": "noctalia-dev",
        "repo": "noctalia",
        "rev": "313732302e6432d7ce41a9ce2334fdaca879dcd7",
        "type": "github"
      },
      "original": {
        "owner": "noctalia-dev",
        "repo": "noctalia",
        "type": "github"
      }
    },
    "root": {
      "inputs": {
        "community-modules": "community-modules",
        "finix": "finix",
        "nixpkgs": "nixpkgs",
        "noctalia": "noctalia",
        "sops-nix": "sops-nix"
      }
    },
    "sops-nix": {
      "inputs": {
        "nixpkgs": [
          "nixpkgs"
        ]
      },
      "locked": {
        "lastModified": 1783174389,
        "narHash": "sha256-aCWC8ngycU7OdJrU2+Je3qf+1a2ykuBvpPhZT/9tXMc=",
        "owner": "Mic92",
        "repo": "sops-nix",
        "rev": "f1406619a3884cd5c47992a70b8b35c9c0fcb4c9",
        "type": "github"
      },
      "original": {
        "owner": "Mic92",
        "repo": "sops-nix",
        "type": "github"
      }
    }
  },
  "root": "root",
  "version": 7
}
