{
  "version": "1",
  "sources": {
    "finix": {
      "type": "GitHub",
      "fetchType": "tarball",
      "owner": "finix-community",
      "repo": "finix",
      "branch": "main",
      "revision": "3737305dde9ed3a068e49ac1b85540b524cb0f50",
      "url": "https://github.com/finix-community/finix/archive/3737305dde9ed3a068e49ac1b85540b524cb0f50.tar.gz",
      "hash": "sha256-a18h0SSlvAuGvQilokxaPJE4i2dIRBR1LW4jSRjXTqU="
    },
    "nixpkgs": {
      "type": "GitHub",
      "fetchType": "tarball",
      "owner": "nixos",
      "repo": "nixpkgs",
      "branch": "nixos-unstable",
      "revision": "c5ae371f1a6a7fd27823bc500d9390b38c05fa55",
      "url": "https://github.com/nixos/nixpkgs/archive/c5ae371f1a6a7fd27823bc500d9390b38c05fa55.tar.gz",
      "hash": "sha256-4PqRErxfe+2toFJFgcRKZ0UI9NSIOJa+7RXVtBhy4KE="
    },
    "sops-nix": {
      "type": "GitHub",
      "fetchType": "tarball",
      "owner": "Mic92",
      "repo": "sops-nix",
      "branch": "master",
      "revision": "a2bcd1c25c1d29e22756ccae094032ab4ada2268",
      "url": "https://github.com/Mic92/sops-nix/archive/a2bcd1c25c1d29e22756ccae094032ab4ada2268.tar.gz",
      "hash": "sha256-A91a+K0Q9wfdPLwL06e/kbHeAWSzPYy2EGdTDsyfb+s="
    }
  }
}
