{
  "version": "1",
  "sources": {
    "finix": {
      "type": "GitHub",
      "fetchType": "tarball",
      "owner": "finix-community",
      "repo": "finix",
      "branch": "main",
      "revision": "7f4e52847bbe9ca8118e1039b36deb13b085a5a8",
      "url": "https://github.com/finix-community/finix/archive/7f4e52847bbe9ca8118e1039b36deb13b085a5a8.tar.gz",
      "hash": "sha256-xV2Q6KqIHY8jQLJbhAIq7otu+xVohz3fU2doq6yD5yo="
    },
    "nixpkgs": {
      "type": "GitHub",
      "fetchType": "tarball",
      "owner": "nixos",
      "repo": "nixpkgs",
      "branch": "nixos-unstable",
      "revision": "2fb006b87f04c4d3bdf08cfdbc7fab9c13d94a15",
      "url": "https://github.com/nixos/nixpkgs/archive/2fb006b87f04c4d3bdf08cfdbc7fab9c13d94a15.tar.gz",
      "hash": "sha256-kJ8lIZsiPOmbkJypG+B5sReDXSD1KGu2VEPNqhRa/ew="
    },
    "sops-nix": {
      "type": "GitHub",
      "fetchType": "tarball",
      "owner": "Mic92",
      "repo": "sops-nix",
      "branch": "master",
      "revision": "5a7d18b5c55642df5c432aadb757140edfeb70b3",
      "url": "https://github.com/Mic92/sops-nix/archive/5a7d18b5c55642df5c432aadb757140edfeb70b3.tar.gz",
      "hash": "sha256-ee2e1/AeGL5X8oy/HXsZQvZnae6XfEVdstGopKucYLY="
    }
  }
}
