{
  "version": "1",
  "sources": {
    "finix": {
      "type": "GitHub",
      "fetchType": "tarball",
      "owner": "finix-community",
      "repo": "finix",
      "branch": "main",
      "revision": "b9f859d58d3dc4e2b53a6b5c6a42c5d1a991db32",
      "url": "https://github.com/finix-community/finix/archive/b9f859d58d3dc4e2b53a6b5c6a42c5d1a991db32.tar.gz",
      "hash": "sha256-gjfls1ZaKttYQ1eMvv72LWuE8JAzNaMTuZ75VyJOlL8="
    },
    "nixpkgs": {
      "type": "GitHub",
      "fetchType": "tarball",
      "owner": "nixos",
      "repo": "nixpkgs",
      "branch": "nixos-unstable",
      "revision": "2fb006b87f04c4d3bdf08cfdbc7fab9c13d94a15",
      "url": "https://github.com/nixos/nixpkgs/archive/2fb006b87f04c4d3bdf08cfdbc7fab9c13d94a15.tar.gz",
      "hash": "sha256-kJ8lIZsiPOmbkJypG+B5sReDXSD1KGu2VEPNqhRa/ew="
    },
    "sops-nix": {
      "type": "GitHub",
      "fetchType": "tarball",
      "owner": "Mic92",
      "repo": "sops-nix",
      "branch": "master",
      "revision": "5a7d18b5c55642df5c432aadb757140edfeb70b3",
      "url": "https://github.com/Mic92/sops-nix/archive/5a7d18b5c55642df5c432aadb757140edfeb70b3.tar.gz",
      "hash": "sha256-ee2e1/AeGL5X8oy/HXsZQvZnae6XfEVdstGopKucYLY="
    }
  }
}
